
Microsoft Visual Studio Solution File, Format Version 12.00
# Visual Studio Version 17
VisualStudioVersion = 17.7.34031.279
MinimumVisualStudioVersion = 10.0.40219.1
Project("{FAE04EC0-301F-11D3-BF4B-00C04F79EFBC}") = "ConsoleApp1", "ConsoleApp1\ConsoleApp1.csproj", "{8D27675E-55CF-4999-8EB8-64394C378F1B}"
EndProject
Project("{2150E333-8FDC-42A3-9474-1A3956D46DE8}") = "Элементы решения", "Элементы решения", "{F8563070-D5CA-4442-A98D-22F562CB9F31}"
	ProjectSection(SolutionItems) = preProject
		TourPackage.css = TourPackage.css
	EndProjectSection
EndProject
Global
	GlobalSection(SolutionConfigurationPlatforms) = preSolution
		Debug|Any CPU = Debug|Any CPU
		Release|Any CPU = Release|Any CPU
	EndGlobalSection
	GlobalSection(ProjectConfigurationPlatforms) = postSolution
		{8D27675E-55CF-4999-8EB8-64394C378F1B}.Debug|Any CPU.ActiveCfg = Debug|Any CPU
		{8D27675E-55CF-4999-8EB8-64394C378F1B}.Debug|Any CPU.Build.0 = Debug|Any CPU
		{8D27675E-55CF-4999-8EB8-64394C378F1B}.Release|Any CPU.ActiveCfg = Release|Any CPU
		{8D27675E-55CF-4999-8EB8-64394C378F1B}.Release|Any CPU.Build.0 = Release|Any CPU
	EndGlobalSection
	GlobalSection(SolutionProperties) = preSolution
		HideSolutionNode = FALSE
	EndGlobalSection
	GlobalSection(ExtensibilityGlobals) = postSolution
		SolutionGuid = {E3F8A7C4-4D5A-449B-A345-A0797DB81D30}
	EndGlobalSection
EndGlobal
