
Microsoft Visual Studio Solution File, Format Version 12.00
# Visual Studio Version 17
VisualStudioVersion = 17.7.34031.279
MinimumVisualStudioVersion = 10.0.40219.1
Project("{FAE04EC0-301F-11D3-BF4B-00C04F79EFBC}") = "ConsoleApp1", "ConsoleApp1\ConsoleApp1.csproj", "{BC813D34-CAC1-46F2-8CFA-C5D3394BE587}"
EndProject
Global
	GlobalSection(SolutionConfigurationPlatforms) = preSolution
		Debug|Any CPU = Debug|Any CPU
		Release|Any CPU = Release|Any CPU
	EndGlobalSection
	GlobalSection(ProjectConfigurationPlatforms) = postSolution
		{BC813D34-CAC1-46F2-8CFA-C5D3394BE587}.Debug|Any CPU.ActiveCfg = Debug|Any CPU
		{BC813D34-CAC1-46F2-8CFA-C5D3394BE587}.Debug|Any CPU.Build.0 = Debug|Any CPU
		{BC813D34-CAC1-46F2-8CFA-C5D3394BE587}.Release|Any CPU.ActiveCfg = Release|Any CPU
		{BC813D34-CAC1-46F2-8CFA-C5D3394BE587}.Release|Any CPU.Build.0 = Release|Any CPU
	EndGlobalSection
	GlobalSection(SolutionProperties) = preSolution
		HideSolutionNode = FALSE
	EndGlobalSection
	GlobalSection(ExtensibilityGlobals) = postSolution
		SolutionGuid = {7A16F2FE-B401-428F-9F73-75DE6444F218}
	EndGlobalSection
EndGlobal
